
Microsoft Visual Studio Solution File, Format Version 12.00
# Visual Studio Version 17
VisualStudioVersion = 17.11.35222.181
MinimumVisualStudioVersion = 10.0.40219.1
Project("{9A19103F-16F7-4668-BE54-9A1E7A4F7556}") = "BlazorApp4", "BlazorApp4\BlazorApp4.csproj", "{81C9885F-5BFE-4D57-8ED1-9EB10B1200B7}"
EndProject
Global
	GlobalSection(SolutionConfigurationPlatforms) = preSolution
		Debug|Any CPU = Debug|Any CPU
		Release|Any CPU = Release|Any CPU
	EndGlobalSection
	GlobalSection(ProjectConfigurationPlatforms) = postSolution
		{81C9885F-5BFE-4D57-8ED1-9EB10B1200B7}.Debug|Any CPU.ActiveCfg = Debug|Any CPU
		{81C9885F-5BFE-4D57-8ED1-9EB10B1200B7}.Debug|Any CPU.Build.0 = Debug|Any CPU
		{81C9885F-5BFE-4D57-8ED1-9EB10B1200B7}.Release|Any CPU.ActiveCfg = Release|Any CPU
		{81C9885F-5BFE-4D57-8ED1-9EB10B1200B7}.Release|Any CPU.Build.0 = Release|Any CPU
	EndGlobalSection
	GlobalSection(SolutionProperties) = preSolution
		HideSolutionNode = FALSE
	EndGlobalSection
	GlobalSection(ExtensibilityGlobals) = postSolution
		SolutionGuid = {64BBFD3E-88D6-4926-91DE-4D2D823A92E7}
	EndGlobalSection
EndGlobal
